# THIS IS AN AUTOGENERATED FILE. DO NOT EDIT THIS FILE DIRECTLY.
# yarn lockfile v1


"@babel/runtime@^7.16.0":
  version "7.18.9"
  resolved "https://registry.yarnpkg.com/@babel/runtime/-/runtime-7.18.9.tgz#b4fcfce55db3d2e5e080d2490f608a3b9f407f4a"
  integrity sha512-lkqXDcvlFT5rvEjiu6+QYO+1GXrEHRo2LOtS7E4GtX5ESIZOgepqsZBVIj6Pv+a6zqsya9VCgiK1KAK4BvJDAw==
  dependencies:
    regenerator-runtime "^0.13.4"

"@fransvilhelm/wp-bundler@file:../..":
  version "2.1.1"
  dependencies:
    "@swc/core" "^1.2.212"
    chokidar "^3.5.3"
    esbuild "^0.14.49"

"@swc/core-android-arm-eabi@1.2.212":
  version "1.2.212"
  resolved "https://registry.yarnpkg.com/@swc/core-android-arm-eabi/-/core-android-arm-eabi-1.2.212.tgz#9607621294976080d5c6a441b37cbf790071b8ec"
  integrity sha512-PDggEV2+YhfmDE46dIGg0NQ0tmXxw4i+PXubGXTIFejkT9wY/6lM59hr6g2hB0zLCQY59Wci8DtGyddAPrw4hg==

"@swc/core-android-arm64@1.2.212":
  version "1.2.212"
  resolved "https://registry.yarnpkg.com/@swc/core-android-arm64/-/core-android-arm64-1.2.212.tgz#cf4523dd32e478793eaf5b926d296f1592da5237"
  integrity sha512-74l1UB9TYniGDo6ETB2Y5un67F5rTWxX+kuEk/ZoaFNuHiXpvsrU/ai3nltuTL5NLyBvqEIUVVvwM53zquh4IA==

"@swc/core-darwin-arm64@1.2.212":
  version "1.2.212"
  resolved "https://registry.yarnpkg.com/@swc/core-darwin-arm64/-/core-darwin-arm64-1.2.212.tgz#35df6bd18182c28ae67588fe5559ca00bc1b47a4"
  integrity sha512-CI7sGni298BRo9Ybc/+Rp9KI11TQS4Vm40DIsYwno9/Q3Zie23acRYHZz+vKoy2Wavq+8/VlKe+3EwHahiwfXw==

"@swc/core-darwin-x64@1.2.212":
  version "1.2.212"
  resolved "https://registry.yarnpkg.com/@swc/core-darwin-x64/-/core-darwin-x64-1.2.212.tgz#f7d70fa57e82c98e6dbfc3dfd3559f03fa79ea52"
  integrity sha512-rzBGCzKAPMqXXoMw4H1kpHU00P/3GMDycLlK24f7cQ74tIPhmP2kfRRpiYI4/BiKiYilSOW/qJQ0GjMNu+4ywQ==

"@swc/core-freebsd-x64@1.2.212":
  version "1.2.212"
  resolved "https://registry.yarnpkg.com/@swc/core-freebsd-x64/-/core-freebsd-x64-1.2.212.tgz#ceb14f05365040c2ec4cdcb12830779f10238303"
  integrity sha512-1oV3WDmJcXnsu/aXCgDOsRL5RYev5Bn5aC3KrUQZcWpzwJLPn6+OayHGCPm6yStQJABgACRizPvlWFDoO8VuxQ==

"@swc/core-linux-arm-gnueabihf@1.2.212":
  version "1.2.212"
  resolved "https://registry.yarnpkg.com/@swc/core-linux-arm-gnueabihf/-/core-linux-arm-gnueabihf-1.2.212.tgz#92d124212b11ed4f510121c8afa4e6df1f1d2185"
  integrity sha512-CsbJXvgXVnE/kC4hypYvsPFwXPRl5InDjdXmJWgaRatDYMFbxZrc744iz/tDAUJiDFMeuqDiH4imd/7RhvUM9w==

"@swc/core-linux-arm64-gnu@1.2.212":
  version "1.2.212"
  resolved "https://registry.yarnpkg.com/@swc/core-linux-arm64-gnu/-/core-linux-arm64-gnu-1.2.212.tgz#5fe590b7fd4d760d6b47c7c282e9b2c329526ccf"
  integrity sha512-19tV0iCAMmd2qxQg+21UKSTWcPIoFex5pMmfypnNpCU6GO1PWqvZ4Fe0scIaQlQz+GqtmPI0C4RUhrL8Z6SlHg==

"@swc/core-linux-arm64-musl@1.2.212":
  version "1.2.212"
  resolved "https://registry.yarnpkg.com/@swc/core-linux-arm64-musl/-/core-linux-arm64-musl-1.2.212.tgz#83426fa27c48f8f2c6a2e2e0cb77213e93b8894b"
  integrity sha512-aST6H0wUX32Uwdsch5uA7WBM7oHb2xLCA67YUGvrBu7HAtj92xo1fVtVAIsAKXI8hrxH9nnwn2XbaNSxxNZoRw==

"@swc/core-linux-x64-gnu@1.2.212":
  version "1.2.212"
  resolved "https://registry.yarnpkg.com/@swc/core-linux-x64-gnu/-/core-linux-x64-gnu-1.2.212.tgz#ef2b2a017bd784bafe8e4c47a0a1aa7f4ef0f0ce"
  integrity sha512-mnQgUPrxQ9Kky93y+B16BEjQu2fCiVnsgVj9pTXz3+3EVf94s5cRKzSDWkyZZIN2E+dkH1ePNxESHv/GbSTQWw==

"@swc/core-linux-x64-musl@1.2.212":
  version "1.2.212"
  resolved "https://registry.yarnpkg.com/@swc/core-linux-x64-musl/-/core-linux-x64-musl-1.2.212.tgz#a4479f6ebc6fd79ad409297c5338ef9d57d7e340"
  integrity sha512-nFHKlGUlieA015+V/K8EwEwjXD7jiOuAqGNrmy0Yele5xJinvm5xQlTBDeQdX4z0MYYPiKGWVDy6sytt8/yS3Q==

"@swc/core-win32-arm64-msvc@1.2.212":
  version "1.2.212"
  resolved "https://registry.yarnpkg.com/@swc/core-win32-arm64-msvc/-/core-win32-arm64-msvc-1.2.212.tgz#7282bd49af64cc22c0efb19dcda7fef6c0dbd08b"
  integrity sha512-3vZs8yPzW7t3W+7SGsVA8Ve5jWNNwH9vptIL4JAKNnif9IwEw4vgZIPrATOY+/eFOCbLDIJSxq9HLcUvm071xw==

"@swc/core-win32-ia32-msvc@1.2.212":
  version "1.2.212"
  resolved "https://registry.yarnpkg.com/@swc/core-win32-ia32-msvc/-/core-win32-ia32-msvc-1.2.212.tgz#fce8ef7898dfd31c1063f26e41c21221a44332ce"
  integrity sha512-dTxDFoJkW2Wxj8+PWtUola6rCSdX28O3M1QleG3+DGN+BlhJ69pjXtscvlfOpS7cNnOqQB/6bJVK4QSalUFQBQ==

"@swc/core-win32-x64-msvc@1.2.212":
  version "1.2.212"
  resolved "https://registry.yarnpkg.com/@swc/core-win32-x64-msvc/-/core-win32-x64-msvc-1.2.212.tgz#b30a3ce8636c7cf83661f4a5a93436c2b862b849"
  integrity sha512-vfKAOTFhsSHByWVGt3qIkL0IcTyY0DmHNKKT0/Nkx+hgIagLeHU5LeW+54sBTpGeTlxMwhMGnCWHbSZBlODWkA==

"@swc/core@^1.2.212":
  version "1.2.212"
  resolved "https://registry.yarnpkg.com/@swc/core/-/core-1.2.212.tgz#2d433d4a5f83d85f338986b635b149e2f4e00dff"
  integrity sha512-mFYHz8cOhccN5VqB8Y4GxyRnqVrnud/qLLQu71qmg/Im6ZOk59nmNpgvjJTGzxtBrGaCe0/PLqIbho3D6MpdZg==
  optionalDependencies:
    "@swc/core-android-arm-eabi" "1.2.212"
    "@swc/core-android-arm64" "1.2.212"
    "@swc/core-darwin-arm64" "1.2.212"
    "@swc/core-darwin-x64" "1.2.212"
    "@swc/core-freebsd-x64" "1.2.212"
    "@swc/core-linux-arm-gnueabihf" "1.2.212"
    "@swc/core-linux-arm64-gnu" "1.2.212"
    "@swc/core-linux-arm64-musl" "1.2.212"
    "@swc/core-linux-x64-gnu" "1.2.212"
    "@swc/core-linux-x64-musl" "1.2.212"
    "@swc/core-win32-arm64-msvc" "1.2.212"
    "@swc/core-win32-ia32-msvc" "1.2.212"
    "@swc/core-win32-x64-msvc" "1.2.212"

"@types/prop-types@*":
  version "15.7.5"
  resolved "https://registry.yarnpkg.com/@types/prop-types/-/prop-types-15.7.5.tgz#5f19d2b85a98e9558036f6a3cacc8819420f05cf"
  integrity sha512-JCB8C6SnDoQf0cNycqd/35A7MjcnK+ZTqE7judS6o7utxUCg6imJg3QK2qzHKszlTjcj2cn+NwMB2i96ubpj7w==

"@types/react-dom@^17.0.11":
  version "17.0.17"
  resolved "https://registry.yarnpkg.com/@types/react-dom/-/react-dom-17.0.17.tgz#2e3743277a793a96a99f1bf87614598289da68a1"
  integrity sha512-VjnqEmqGnasQKV0CWLevqMTXBYG9GbwuE6x3VetERLh0cq2LTptFE73MrQi2S7GkKXCf2GgwItB/melLnxfnsg==
  dependencies:
    "@types/react" "^17"

"@types/react@^17", "@types/react@^17.0.37":
  version "17.0.48"
  resolved "https://registry.yarnpkg.com/@types/react/-/react-17.0.48.tgz#a4532a8b91d7b27b8768b6fc0c3bccb760d15a6c"
  integrity sha512-zJ6IYlJ8cYYxiJfUaZOQee4lh99mFihBoqkOSEGV+dFi9leROW6+PgstzQ+w3gWTnUfskALtQPGHK6dYmPj+2A==
  dependencies:
    "@types/prop-types" "*"
    "@types/scheduler" "*"
    csstype "^3.0.2"

"@types/scheduler@*":
  version "0.16.2"
  resolved "https://registry.yarnpkg.com/@types/scheduler/-/scheduler-0.16.2.tgz#1a62f89525723dde24ba1b01b092bf5df8ad4d39"
  integrity sha512-hppQEBDmlwhFAXKJX2KnWLYu5yMfi91yazPb2l+lbJiwW+wdo1gNeRA+3RgNSO39WYX2euey41KEwnqesU2Jew==

"@wordpress/element@^4.13.0":
  version "4.13.0"
  resolved "https://registry.yarnpkg.com/@wordpress/element/-/element-4.13.0.tgz#d1417b141c322a4caba07494ae0ed807b30fc9a2"
  integrity sha512-oxTEiK7y0bLva9SMbt/xrp90VgDMFcLSOSPz1lS8wSrC+Hy8NyN0v5rku3DdIUf07kYtcOfiQ1jmsmwDWNvodg==
  dependencies:
    "@babel/runtime" "^7.16.0"
    "@types/react" "^17.0.37"
    "@types/react-dom" "^17.0.11"
    "@wordpress/escape-html" "^2.15.0"
    change-case "^4.1.2"
    is-plain-obj "^4.1.0"
    react "^17.0.2"
    react-dom "^17.0.2"

"@wordpress/escape-html@^2.15.0":
  version "2.15.0"
  resolved "https://registry.yarnpkg.com/@wordpress/escape-html/-/escape-html-2.15.0.tgz#853869d4240e5c57a3d24399d4cfe75d94b95a47"
  integrity sha512-eW655uSjCK835/eBt1lgCBtLFfgxSX4MiMTe7Dxo8pqZmP5cwh9zNJuirEnVnaamjAjfIVRel4awNGZebflJeg==
  dependencies:
    "@babel/runtime" "^7.16.0"

"@wordpress/icons@^9.6.0":
  version "9.6.0"
  resolved "https://registry.yarnpkg.com/@wordpress/icons/-/icons-9.6.0.tgz#c935e6739b87759d534e228678491971b94df11b"
  integrity sha512-vQwoqWzPuYmJZS2h0+0fXRfpBRSA95juq6Pj1EmUJZodlSLX2NTV3EiDsDwj2cRmXR+BLmLBledm8uYo7BsjRA==
  dependencies:
    "@babel/runtime" "^7.16.0"
    "@wordpress/element" "^4.13.0"
    "@wordpress/primitives" "^3.13.0"

"@wordpress/primitives@^3.13.0":
  version "3.13.0"
  resolved "https://registry.yarnpkg.com/@wordpress/primitives/-/primitives-3.13.0.tgz#ce901eb7a4ffbbc09432a7043882ad0ee567b18c"
  integrity sha512-bNBbK30ZUq24G9ltZWsOPiRB0rP75BDgZTQObXogfeh+nSP7rNPsisYozxJ7FSiX5xhLMpQMOgv294XaV9Syhg==
  dependencies:
    "@babel/runtime" "^7.16.0"
    "@wordpress/element" "^4.13.0"
    classnames "^2.3.1"

anymatch@~3.1.2:
  version "3.1.2"
  resolved "https://registry.yarnpkg.com/anymatch/-/anymatch-3.1.2.tgz#c0557c096af32f106198f4f4e2a383537e378716"
  integrity sha512-P43ePfOAIupkguHUycrc4qJ9kz8ZiuOUijaETwX7THt0Y/GNK7v0aa8rY816xWjZ7rJdA5XdMcpVFTKMq+RvWg==
  dependencies:
    normalize-path "^3.0.0"
    picomatch "^2.0.4"

binary-extensions@^2.0.0:
  version "2.2.0"
  resolved "https://registry.yarnpkg.com/binary-extensions/-/binary-extensions-2.2.0.tgz#75f502eeaf9ffde42fc98829645be4ea76bd9e2d"
  integrity sha512-jDctJ/IVQbZoJykoeHbhXpOlNBqGNcwXJKJog42E5HDPUwQTSdjCHdihjj0DlnheQ7blbT6dHOafNAiS8ooQKA==

braces@~3.0.2:
  version "3.0.2"
  resolved "https://registry.yarnpkg.com/braces/-/braces-3.0.2.tgz#3454e1a462ee8d599e236df336cd9ea4f8afe107"
  integrity sha512-b8um+L1RzM3WDSzvhm6gIz1yfTbBt6YTlcEKAvsmqCZZFw46z626lVj9j1yEPW33H5H+lBQpZMP1k8l+78Ha0A==
  dependencies:
    fill-range "^7.0.1"

camel-case@^4.1.2:
  version "4.1.2"
  resolved "https://registry.yarnpkg.com/camel-case/-/camel-case-4.1.2.tgz#9728072a954f805228225a6deea6b38461e1bd5a"
  integrity sha512-gxGWBrTT1JuMx6R+o5PTXMmUnhnVzLQ9SNutD4YqKtI6ap897t3tKECYla6gCWEkplXnlNybEkZg9GEGxKFCgw==
  dependencies:
    pascal-case "^3.1.2"
    tslib "^2.0.3"

capital-case@^1.0.4:
  version "1.0.4"
  resolved "https://registry.yarnpkg.com/capital-case/-/capital-case-1.0.4.tgz#9d130292353c9249f6b00fa5852bee38a717e669"
  integrity sha512-ds37W8CytHgwnhGGTi88pcPyR15qoNkOpYwmMMfnWqqWgESapLqvDx6huFjQ5vqWSn2Z06173XNA7LtMOeUh1A==
  dependencies:
    no-case "^3.0.4"
    tslib "^2.0.3"
    upper-case-first "^2.0.2"

change-case@^4.1.2:
  version "4.1.2"
  resolved "https://registry.yarnpkg.com/change-case/-/change-case-4.1.2.tgz#fedfc5f136045e2398c0410ee441f95704641e12"
  integrity sha512-bSxY2ws9OtviILG1EiY5K7NNxkqg/JnRnFxLtKQ96JaviiIxi7djMrSd0ECT9AC+lttClmYwKw53BWpOMblo7A==
  dependencies:
    camel-case "^4.1.2"
    capital-case "^1.0.4"
    constant-case "^3.0.4"
    dot-case "^3.0.4"
    header-case "^2.0.4"
    no-case "^3.0.4"
    param-case "^3.0.4"
    pascal-case "^3.1.2"
    path-case "^3.0.4"
    sentence-case "^3.0.4"
    snake-case "^3.0.4"
    tslib "^2.0.3"

chokidar@^3.5.3:
  version "3.5.3"
  resolved "https://registry.yarnpkg.com/chokidar/-/chokidar-3.5.3.tgz#1cf37c8707b932bd1af1ae22c0432e2acd1903bd"
  integrity sha512-Dr3sfKRP6oTcjf2JmUmFJfeVMvXBdegxB0iVQ5eb2V10uFJUCAS8OByZdVAyVb8xXNz3GjjTgj9kLWsZTqE6kw==
  dependencies:
    anymatch "~3.1.2"
    braces "~3.0.2"
    glob-parent "~5.1.2"
    is-binary-path "~2.1.0"
    is-glob "~4.0.1"
    normalize-path "~3.0.0"
    readdirp "~3.6.0"
  optionalDependencies:
    fsevents "~2.3.2"

classnames@^2.3.1:
  version "2.3.1"
  resolved "https://registry.yarnpkg.com/classnames/-/classnames-2.3.1.tgz#dfcfa3891e306ec1dad105d0e88f4417b8535e8e"
  integrity sha512-OlQdbZ7gLfGarSqxesMesDa5uz7KFbID8Kpq/SxIoNGDqY8lSYs0D+hhtBXhcdB3rcbXArFr7vlHheLk1voeNA==

constant-case@^3.0.4:
  version "3.0.4"
  resolved "https://registry.yarnpkg.com/constant-case/-/constant-case-3.0.4.tgz#3b84a9aeaf4cf31ec45e6bf5de91bdfb0589faf1"
  integrity sha512-I2hSBi7Vvs7BEuJDr5dDHfzb/Ruj3FyvFyh7KLilAjNQw3Be+xgqUBA2W6scVEcL0hL1dwPRtIqEPVUCKkSsyQ==
  dependencies:
    no-case "^3.0.4"
    tslib "^2.0.3"
    upper-case "^2.0.2"

csstype@^3.0.2:
  version "3.1.0"
  resolved "https://registry.yarnpkg.com/csstype/-/csstype-3.1.0.tgz#4ddcac3718d787cf9df0d1b7d15033925c8f29f2"
  integrity sha512-uX1KG+x9h5hIJsaKR9xHUeUraxf8IODOwq9JLNPq6BwB04a/xgpq3rcx47l5BZu5zBPlgD342tdke3Hom/nJRA==

dot-case@^3.0.4:
  version "3.0.4"
  resolved "https://registry.yarnpkg.com/dot-case/-/dot-case-3.0.4.tgz#9b2b670d00a431667a8a75ba29cd1b98809ce751"
  integrity sha512-Kv5nKlh6yRrdrGvxeJ2e5y2eRUpkUosIW4A2AS38zwSz27zu7ufDwQPi5Jhs3XAlGNetl3bmnGhQsMtkKJnj3w==
  dependencies:
    no-case "^3.0.4"
    tslib "^2.0.3"

esbuild-android-64@0.14.49:
  version "0.14.49"
  resolved "https://registry.yarnpkg.com/esbuild-android-64/-/esbuild-android-64-0.14.49.tgz#9e4682c36dcf6e7b71b73d2a3723a96e0fdc5054"
  integrity sha512-vYsdOTD+yi+kquhBiFWl3tyxnj2qZJsl4tAqwhT90ktUdnyTizgle7TjNx6Ar1bN7wcwWqZ9QInfdk2WVagSww==

esbuild-android-arm64@0.14.49:
  version "0.14.49"
  resolved "https://registry.yarnpkg.com/esbuild-android-arm64/-/esbuild-android-arm64-0.14.49.tgz#9861b1f7e57d1dd1f23eeef6198561c5f34b51f6"
  integrity sha512-g2HGr/hjOXCgSsvQZ1nK4nW/ei8JUx04Li74qub9qWrStlysaVmadRyTVuW32FGIpLQyc5sUjjZopj49eGGM2g==

esbuild-darwin-64@0.14.49:
  version "0.14.49"
  resolved "https://registry.yarnpkg.com/esbuild-darwin-64/-/esbuild-darwin-64-0.14.49.tgz#fd30a5ebe28704a3a117126c60f98096c067c8d1"
  integrity sha512-3rvqnBCtX9ywso5fCHixt2GBCUsogNp9DjGmvbBohh31Ces34BVzFltMSxJpacNki96+WIcX5s/vum+ckXiLYg==

esbuild-darwin-arm64@0.14.49:
  version "0.14.49"
  resolved "https://registry.yarnpkg.com/esbuild-darwin-arm64/-/esbuild-darwin-arm64-0.14.49.tgz#c04a3a57dad94a972c66a697a68a25aa25947f41"
  integrity sha512-XMaqDxO846srnGlUSJnwbijV29MTKUATmOLyQSfswbK/2X5Uv28M9tTLUJcKKxzoo9lnkYPsx2o8EJcTYwCs/A==

esbuild-freebsd-64@0.14.49:
  version "0.14.49"
  resolved "https://registry.yarnpkg.com/esbuild-freebsd-64/-/esbuild-freebsd-64-0.14.49.tgz#c404dbd66c98451395b1eef0fa38b73030a7be82"
  integrity sha512-NJ5Q6AjV879mOHFri+5lZLTp5XsO2hQ+KSJYLbfY9DgCu8s6/Zl2prWXVANYTeCDLlrIlNNYw8y34xqyLDKOmQ==

esbuild-freebsd-arm64@0.14.49:
  version "0.14.49"
  resolved "https://registry.yarnpkg.com/esbuild-freebsd-arm64/-/esbuild-freebsd-arm64-0.14.49.tgz#b62cec96138ebc5937240ce3e1b97902963ea74a"
  integrity sha512-lFLtgXnAc3eXYqj5koPlBZvEbBSOSUbWO3gyY/0+4lBdRqELyz4bAuamHvmvHW5swJYL7kngzIZw6kdu25KGOA==

esbuild-linux-32@0.14.49:
  version "0.14.49"
  resolved "https://registry.yarnpkg.com/esbuild-linux-32/-/esbuild-linux-32-0.14.49.tgz#495b1cc011b8c64d8bbaf65509c1e7135eb9ddbf"
  integrity sha512-zTTH4gr2Kb8u4QcOpTDVn7Z8q7QEIvFl/+vHrI3cF6XOJS7iEI1FWslTo3uofB2+mn6sIJEQD9PrNZKoAAMDiA==

esbuild-linux-64@0.14.49:
  version "0.14.49"
  resolved "https://registry.yarnpkg.com/esbuild-linux-64/-/esbuild-linux-64-0.14.49.tgz#3f28dd8f986e6ff42f38888ee435a9b1fb916a56"
  integrity sha512-hYmzRIDzFfLrB5c1SknkxzM8LdEUOusp6M2TnuQZJLRtxTgyPnZZVtyMeCLki0wKgYPXkFsAVhi8vzo2mBNeTg==

esbuild-linux-arm64@0.14.49:
  version "0.14.49"
  resolved "https://registry.yarnpkg.com/esbuild-linux-arm64/-/esbuild-linux-arm64-0.14.49.tgz#a52e99ae30246566dc5f33e835aa6ca98ef70e33"
  integrity sha512-KLQ+WpeuY+7bxukxLz5VgkAAVQxUv67Ft4DmHIPIW+2w3ObBPQhqNoeQUHxopoW/aiOn3m99NSmSV+bs4BSsdA==

esbuild-linux-arm@0.14.49:
  version "0.14.49"
  resolved "https://registry.yarnpkg.com/esbuild-linux-arm/-/esbuild-linux-arm-0.14.49.tgz#7c33d05a64ec540cf7474834adaa57b3167bbe97"
  integrity sha512-iE3e+ZVv1Qz1Sy0gifIsarJMQ89Rpm9mtLSRtG3AH0FPgAzQ5Z5oU6vYzhc/3gSPi2UxdCOfRhw2onXuFw/0lg==

esbuild-linux-mips64le@0.14.49:
  version "0.14.49"
  resolved "https://registry.yarnpkg.com/esbuild-linux-mips64le/-/esbuild-linux-mips64le-0.14.49.tgz#ed062bd844b587be649443831eb84ba304685f25"
  integrity sha512-n+rGODfm8RSum5pFIqFQVQpYBw+AztL8s6o9kfx7tjfK0yIGF6tm5HlG6aRjodiiKkH2xAiIM+U4xtQVZYU4rA==

esbuild-linux-ppc64le@0.14.49:
  version "0.14.49"
  resolved "https://registry.yarnpkg.com/esbuild-linux-ppc64le/-/esbuild-linux-ppc64le-0.14.49.tgz#c0786fb5bddffd90c10a2078181513cbaf077958"
  integrity sha512-WP9zR4HX6iCBmMFH+XHHng2LmdoIeUmBpL4aL2TR8ruzXyT4dWrJ5BSbT8iNo6THN8lod6GOmYDLq/dgZLalGw==

esbuild-linux-riscv64@0.14.49:
  version "0.14.49"
  resolved "https://registry.yarnpkg.com/esbuild-linux-riscv64/-/esbuild-linux-riscv64-0.14.49.tgz#579b0e7cc6fce4bfc698e991a52503bb616bec49"
  integrity sha512-h66ORBz+Dg+1KgLvzTVQEA1LX4XBd1SK0Fgbhhw4akpG/YkN8pS6OzYI/7SGENiN6ao5hETRDSkVcvU9NRtkMQ==

esbuild-linux-s390x@0.14.49:
  version "0.14.49"
  resolved "https://registry.yarnpkg.com/esbuild-linux-s390x/-/esbuild-linux-s390x-0.14.49.tgz#09eb15c753e249a500b4e28d07c5eef7524a9740"
  integrity sha512-DhrUoFVWD+XmKO1y7e4kNCqQHPs6twz6VV6Uezl/XHYGzM60rBewBF5jlZjG0nCk5W/Xy6y1xWeopkrhFFM0sQ==

esbuild-netbsd-64@0.14.49:
  version "0.14.49"
  resolved "https://registry.yarnpkg.com/esbuild-netbsd-64/-/esbuild-netbsd-64-0.14.49.tgz#f7337cd2bddb7cc9d100d19156f36c9ca117b58d"
  integrity sha512-BXaUwFOfCy2T+hABtiPUIpWjAeWK9P8O41gR4Pg73hpzoygVGnj0nI3YK4SJhe52ELgtdgWP/ckIkbn2XaTxjQ==

esbuild-openbsd-64@0.14.49:
  version "0.14.49"
  resolved "https://registry.yarnpkg.com/esbuild-openbsd-64/-/esbuild-openbsd-64-0.14.49.tgz#1f8bdc49f8a44396e73950a3fb6b39828563631d"
  integrity sha512-lP06UQeLDGmVPw9Rg437Btu6J9/BmyhdoefnQ4gDEJTtJvKtQaUcOQrhjTq455ouZN4EHFH1h28WOJVANK41kA==

esbuild-sunos-64@0.14.49:
  version "0.14.49"
  resolved "https://registry.yarnpkg.com/esbuild-sunos-64/-/esbuild-sunos-64-0.14.49.tgz#47d042739365b61aa8ca642adb69534a8eef9f7a"
  integrity sha512-4c8Zowp+V3zIWje329BeLbGh6XI9c/rqARNaj5yPHdC61pHI9UNdDxT3rePPJeWcEZVKjkiAS6AP6kiITp7FSw==

esbuild-windows-32@0.14.49:
  version "0.14.49"
  resolved "https://registry.yarnpkg.com/esbuild-windows-32/-/esbuild-windows-32-0.14.49.tgz#79198c88ec9bde163c18a6b430c34eab098ec21a"
  integrity sha512-q7Rb+J9yHTeKr9QTPDYkqfkEj8/kcKz9lOabDuvEXpXuIcosWCJgo5Z7h/L4r7rbtTH4a8U2FGKb6s1eeOHmJA==

esbuild-windows-64@0.14.49:
  version "0.14.49"
  resolved "https://registry.yarnpkg.com/esbuild-windows-64/-/esbuild-windows-64-0.14.49.tgz#b36b230d18d1ee54008e08814c4799c7806e8c79"
  integrity sha512-+Cme7Ongv0UIUTniPqfTX6mJ8Deo7VXw9xN0yJEN1lQMHDppTNmKwAM3oGbD/Vqff+07K2gN0WfNkMohmG+dVw==

esbuild-windows-arm64@0.14.49:
  version "0.14.49"
  resolved "https://registry.yarnpkg.com/esbuild-windows-arm64/-/esbuild-windows-arm64-0.14.49.tgz#d83c03ff6436caf3262347cfa7e16b0a8049fae7"
  integrity sha512-v+HYNAXzuANrCbbLFJ5nmO3m5y2PGZWLe3uloAkLt87aXiO2mZr3BTmacZdjwNkNEHuH3bNtN8cak+mzVjVPfA==

esbuild@^0.14.49:
  version "0.14.49"
  resolved "https://registry.yarnpkg.com/esbuild/-/esbuild-0.14.49.tgz#b82834760eba2ddc17b44f05cfcc0aaca2bae492"
  integrity sha512-/TlVHhOaq7Yz8N1OJrjqM3Auzo5wjvHFLk+T8pIue+fhnhIMpfAzsG6PLVMbFveVxqD2WOp3QHei+52IMUNmCw==
  optionalDependencies:
    esbuild-android-64 "0.14.49"
    esbuild-android-arm64 "0.14.49"
    esbuild-darwin-64 "0.14.49"
    esbuild-darwin-arm64 "0.14.49"
    esbuild-freebsd-64 "0.14.49"
    esbuild-freebsd-arm64 "0.14.49"
    esbuild-linux-32 "0.14.49"
    esbuild-linux-64 "0.14.49"
    esbuild-linux-arm "0.14.49"
    esbuild-linux-arm64 "0.14.49"
    esbuild-linux-mips64le "0.14.49"
    esbuild-linux-ppc64le "0.14.49"
    esbuild-linux-riscv64 "0.14.49"
    esbuild-linux-s390x "0.14.49"
    esbuild-netbsd-64 "0.14.49"
    esbuild-openbsd-64 "0.14.49"
    esbuild-sunos-64 "0.14.49"
    esbuild-windows-32 "0.14.49"
    esbuild-windows-64 "0.14.49"
    esbuild-windows-arm64 "0.14.49"

fill-range@^7.0.1:
  version "7.0.1"
  resolved "https://registry.yarnpkg.com/fill-range/-/fill-range-7.0.1.tgz#1919a6a7c75fe38b2c7c77e5198535da9acdda40"
  integrity sha512-qOo9F+dMUmC2Lcb4BbVvnKJxTPjCm+RRpe4gDuGrzkL7mEVl/djYSu2OdQ2Pa302N4oqkSg9ir6jaLWJ2USVpQ==
  dependencies:
    to-regex-range "^5.0.1"

fsevents@~2.3.2:
  version "2.3.2"
  resolved "https://registry.yarnpkg.com/fsevents/-/fsevents-2.3.2.tgz#8a526f78b8fdf4623b709e0b975c52c24c02fd1a"
  integrity sha512-xiqMQR4xAeHTuB9uWm+fFRcIOgKBMiOBP+eXiyT7jsgVCq1bkVygt00oASowB7EdtpOHaaPgKt812P9ab+DDKA==

glob-parent@~5.1.2:
  version "5.1.2"
  resolved "https://registry.yarnpkg.com/glob-parent/-/glob-parent-5.1.2.tgz#869832c58034fe68a4093c17dc15e8340d8401c4"
  integrity sha512-AOIgSQCepiJYwP3ARnGx+5VnTu2HBYdzbGP45eLw1vr3zB3vZLeyed1sC9hnbcOc9/SrMyM5RPQrkGz4aS9Zow==
  dependencies:
    is-glob "^4.0.1"

header-case@^2.0.4:
  version "2.0.4"
  resolved "https://registry.yarnpkg.com/header-case/-/header-case-2.0.4.tgz#5a42e63b55177349cf405beb8d775acabb92c063"
  integrity sha512-H/vuk5TEEVZwrR0lp2zed9OCo1uAILMlx0JEMgC26rzyJJ3N1v6XkwHHXJQdR2doSjcGPM6OKPYoJgf0plJ11Q==
  dependencies:
    capital-case "^1.0.4"
    tslib "^2.0.3"

is-binary-path@~2.1.0:
  version "2.1.0"
  resolved "https://registry.yarnpkg.com/is-binary-path/-/is-binary-path-2.1.0.tgz#ea1f7f3b80f064236e83470f86c09c254fb45b09"
  integrity sha512-ZMERYes6pDydyuGidse7OsHxtbI7WVeUEozgR/g7rd0xUimYNlvZRE/K2MgZTjWy725IfelLeVcEM97mmtRGXw==
  dependencies:
    binary-extensions "^2.0.0"

is-extglob@^2.1.1:
  version "2.1.1"
  resolved "https://registry.yarnpkg.com/is-extglob/-/is-extglob-2.1.1.tgz#a88c02535791f02ed37c76a1b9ea9773c833f8c2"
  integrity sha512-SbKbANkN603Vi4jEZv49LeVJMn4yGwsbzZworEoyEiutsN3nJYdbO36zfhGJ6QEDpOZIFkDtnq5JRxmvl3jsoQ==

is-glob@^4.0.1, is-glob@~4.0.1:
  version "4.0.3"
  resolved "https://registry.yarnpkg.com/is-glob/-/is-glob-4.0.3.tgz#64f61e42cbbb2eec2071a9dac0b28ba1e65d5084"
  integrity sha512-xelSayHH36ZgE7ZWhli7pW34hNbNl8Ojv5KVmkJD4hBdD3th8Tfk9vYasLM+mXWOZhFkgZfxhLSnrwRr4elSSg==
  dependencies:
    is-extglob "^2.1.1"

is-number@^7.0.0:
  version "7.0.0"
  resolved "https://registry.yarnpkg.com/is-number/-/is-number-7.0.0.tgz#7535345b896734d5f80c4d06c50955527a14f12b"
  integrity sha512-41Cifkg6e8TylSpdtTpeLVMqvSBEVzTttHvERD741+pnZ8ANv0004MRL43QKPDlK9cGvNp6NZWZUBlbGXYxxng==

is-plain-obj@^4.1.0:
  version "4.1.0"
  resolved "https://registry.yarnpkg.com/is-plain-obj/-/is-plain-obj-4.1.0.tgz#d65025edec3657ce032fd7db63c97883eaed71f0"
  integrity sha512-+Pgi+vMuUNkJyExiMBt5IlFoMyKnr5zhJ4Uspz58WOhBF5QoIZkFyNHIbBAtHwzVAgk5RtndVNsDRN61/mmDqg==

"js-tokens@^3.0.0 || ^4.0.0":
  version "4.0.0"
  resolved "https://registry.yarnpkg.com/js-tokens/-/js-tokens-4.0.0.tgz#19203fb59991df98e3a287050d4647cdeaf32499"
  integrity sha512-RdJUflcE3cUzKiMqQgsCu06FPu9UdIJO0beYbPhHN4k6apgJtifcoCtT9bcxOpYBtpD2kCM6Sbzg4CausW/PKQ==

loose-envify@^1.1.0:
  version "1.4.0"
  resolved "https://registry.yarnpkg.com/loose-envify/-/loose-envify-1.4.0.tgz#71ee51fa7be4caec1a63839f7e682d8132d30caf"
  integrity sha512-lyuxPGr/Wfhrlem2CL/UcnUc1zcqKAImBDzukY7Y5F/yQiNdko6+fRLevlw1HgMySw7f611UIY408EtxRSoK3Q==
  dependencies:
    js-tokens "^3.0.0 || ^4.0.0"

lower-case@^2.0.2:
  version "2.0.2"
  resolved "https://registry.yarnpkg.com/lower-case/-/lower-case-2.0.2.tgz#6fa237c63dbdc4a82ca0fd882e4722dc5e634e28"
  integrity sha512-7fm3l3NAF9WfN6W3JOmf5drwpVqX78JtoGJ3A6W0a6ZnldM41w2fV5D490psKFTpMds8TJse/eHLFFsNHHjHgg==
  dependencies:
    tslib "^2.0.3"

no-case@^3.0.4:
  version "3.0.4"
  resolved "https://registry.yarnpkg.com/no-case/-/no-case-3.0.4.tgz#d361fd5c9800f558551a8369fc0dcd4662b6124d"
  integrity sha512-fgAN3jGAh+RoxUGZHTSOLJIqUc2wmoBwGR4tbpNAKmmovFoWq0OdRkb0VkldReO2a2iBT/OEulG9XSUc10r3zg==
  dependencies:
    lower-case "^2.0.2"
    tslib "^2.0.3"

normalize-path@^3.0.0, normalize-path@~3.0.0:
  version "3.0.0"
  resolved "https://registry.yarnpkg.com/normalize-path/-/normalize-path-3.0.0.tgz#0dcd69ff23a1c9b11fd0978316644a0388216a65"
  integrity sha512-6eZs5Ls3WtCisHWp9S2GUy8dqkpGi4BVSz3GaqiE6ezub0512ESztXUwUB6C6IKbQkY2Pnb/mD4WYojCRwcwLA==

object-assign@^4.1.1:
  version "4.1.1"
  resolved "https://registry.yarnpkg.com/object-assign/-/object-assign-4.1.1.tgz#2109adc7965887cfc05cbbd442cac8bfbb360863"
  integrity sha512-rJgTQnkUnH1sFw8yT6VSU3zD3sWmu6sZhIseY8VX+GRu3P6F7Fu+JNDoXfklElbLJSnc3FUQHVe4cU5hj+BcUg==

param-case@^3.0.4:
  version "3.0.4"
  resolved "https://registry.yarnpkg.com/param-case/-/param-case-3.0.4.tgz#7d17fe4aa12bde34d4a77d91acfb6219caad01c5"
  integrity sha512-RXlj7zCYokReqWpOPH9oYivUzLYZ5vAPIfEmCTNViosC78F8F0H9y7T7gG2M39ymgutxF5gcFEsyZQSph9Bp3A==
  dependencies:
    dot-case "^3.0.4"
    tslib "^2.0.3"

pascal-case@^3.1.2:
  version "3.1.2"
  resolved "https://registry.yarnpkg.com/pascal-case/-/pascal-case-3.1.2.tgz#b48e0ef2b98e205e7c1dae747d0b1508237660eb"
  integrity sha512-uWlGT3YSnK9x3BQJaOdcZwrnV6hPpd8jFH1/ucpiLRPh/2zCVJKS19E4GvYHvaCcACn3foXZ0cLB9Wrx1KGe5g==
  dependencies:
    no-case "^3.0.4"
    tslib "^2.0.3"

path-case@^3.0.4:
  version "3.0.4"
  resolved "https://registry.yarnpkg.com/path-case/-/path-case-3.0.4.tgz#9168645334eb942658375c56f80b4c0cb5f82c6f"
  integrity sha512-qO4qCFjXqVTrcbPt/hQfhTQ+VhFsqNKOPtytgNKkKxSoEp3XPUQ8ObFuePylOIok5gjn69ry8XiULxCwot3Wfg==
  dependencies:
    dot-case "^3.0.4"
    tslib "^2.0.3"

picomatch@^2.0.4, picomatch@^2.2.1:
  version "2.3.1"
  resolved "https://registry.yarnpkg.com/picomatch/-/picomatch-2.3.1.tgz#3ba3833733646d9d3e4995946c1365a67fb07a42"
  integrity sha512-JU3teHTNjmE2VCGFzuY8EXzCDVwEqB2a8fsIvwaStHhAWJEeVd1o1QD80CU6+ZdEXXSLbSsuLwJjkCBWqRQUVA==

react-dom@^17.0.2:
  version "17.0.2"
  resolved "https://registry.yarnpkg.com/react-dom/-/react-dom-17.0.2.tgz#ecffb6845e3ad8dbfcdc498f0d0a939736502c23"
  integrity sha512-s4h96KtLDUQlsENhMn1ar8t2bEa+q/YAtj8pPPdIjPDGBDIVNsrD9aXNWqspUe6AzKCIG0C1HZZLqLV7qpOBGA==
  dependencies:
    loose-envify "^1.1.0"
    object-assign "^4.1.1"
    scheduler "^0.20.2"

react@^17.0.2:
  version "17.0.2"
  resolved "https://registry.yarnpkg.com/react/-/react-17.0.2.tgz#d0b5cc516d29eb3eee383f75b62864cfb6800037"
  integrity sha512-gnhPt75i/dq/z3/6q/0asP78D0u592D5L1pd7M8P+dck6Fu/jJeL6iVVK23fptSUZj8Vjf++7wXA8UNclGQcbA==
  dependencies:
    loose-envify "^1.1.0"
    object-assign "^4.1.1"

readdirp@~3.6.0:
  version "3.6.0"
  resolved "https://registry.yarnpkg.com/readdirp/-/readdirp-3.6.0.tgz#74a370bd857116e245b29cc97340cd431a02a6c7"
  integrity sha512-hOS089on8RduqdbhvQ5Z37A0ESjsqz6qnRcffsMU3495FuTdqSm+7bhJ29JvIOsBDEEnan5DPu9t3To9VRlMzA==
  dependencies:
    picomatch "^2.2.1"

regenerator-runtime@^0.13.4:
  version "0.13.9"
  resolved "https://registry.yarnpkg.com/regenerator-runtime/-/regenerator-runtime-0.13.9.tgz#8925742a98ffd90814988d7566ad30ca3b263b52"
  integrity sha512-p3VT+cOEgxFsRRA9X4lkI1E+k2/CtnKtU4gcxyaCUreilL/vqI6CdZ3wxVUx3UOUg+gnUOQQcRI7BmSI656MYA==

scheduler@^0.20.2:
  version "0.20.2"
  resolved "https://registry.yarnpkg.com/scheduler/-/scheduler-0.20.2.tgz#4baee39436e34aa93b4874bddcbf0fe8b8b50e91"
  integrity sha512-2eWfGgAqqWFGqtdMmcL5zCMK1U8KlXv8SQFGglL3CEtd0aDVDWgeF/YoCmvln55m5zSk3J/20hTaSBeSObsQDQ==
  dependencies:
    loose-envify "^1.1.0"
    object-assign "^4.1.1"

sentence-case@^3.0.4:
  version "3.0.4"
  resolved "https://registry.yarnpkg.com/sentence-case/-/sentence-case-3.0.4.tgz#3645a7b8c117c787fde8702056225bb62a45131f"
  integrity sha512-8LS0JInaQMCRoQ7YUytAo/xUu5W2XnQxV2HI/6uM6U7CITS1RqPElr30V6uIqyMKM9lJGRVFy5/4CuzcixNYSg==
  dependencies:
    no-case "^3.0.4"
    tslib "^2.0.3"
    upper-case-first "^2.0.2"

snake-case@^3.0.4:
  version "3.0.4"
  resolved "https://registry.yarnpkg.com/snake-case/-/snake-case-3.0.4.tgz#4f2bbd568e9935abdfd593f34c691dadb49c452c"
  integrity sha512-LAOh4z89bGQvl9pFfNF8V146i7o7/CqFPbqzYgP+yYzDIDeS9HaNFtXABamRW+AQzEVODcvE79ljJ+8a9YSdMg==
  dependencies:
    dot-case "^3.0.4"
    tslib "^2.0.3"

to-regex-range@^5.0.1:
  version "5.0.1"
  resolved "https://registry.yarnpkg.com/to-regex-range/-/to-regex-range-5.0.1.tgz#1648c44aae7c8d988a326018ed72f5b4dd0392e4"
  integrity sha512-65P7iz6X5yEr1cwcgvQxbbIw7Uk3gOy5dIdtZ4rDveLqhrdJP+Li/Hx6tyK0NEb+2GCyneCMJiGqrADCSNk8sQ==
  dependencies:
    is-number "^7.0.0"

tslib@^2.0.3:
  version "2.4.0"
  resolved "https://registry.yarnpkg.com/tslib/-/tslib-2.4.0.tgz#7cecaa7f073ce680a05847aa77be941098f36dc3"
  integrity sha512-d6xOpEDfsi2CZVlPQzGeux8XMwLT9hssAsaPYExaQMuYskwb+x1x7J371tWlbBdWHroy99KnVB6qIkUbs5X3UQ==

typescript@^4.7.4:
  version "4.7.4"
  resolved "https://registry.yarnpkg.com/typescript/-/typescript-4.7.4.tgz#1a88596d1cf47d59507a1bcdfb5b9dfe4d488235"
  integrity sha512-C0WQT0gezHuw6AdY1M2jxUO83Rjf0HP7Sk1DtXj6j1EwkQNZrHAg2XPWlq62oqEhYvONq5pkC2Y9oPljWToLmQ==

upper-case-first@^2.0.2:
  version "2.0.2"
  resolved "https://registry.yarnpkg.com/upper-case-first/-/upper-case-first-2.0.2.tgz#992c3273f882abd19d1e02894cc147117f844324"
  integrity sha512-514ppYHBaKwfJRK/pNC6c/OxfGa0obSnAl106u97Ed0I625Nin96KAjttZF6ZL3e1XLtphxnqrOi9iWgm+u+bg==
  dependencies:
    tslib "^2.0.3"

upper-case@^2.0.2:
  version "2.0.2"
  resolved "https://registry.yarnpkg.com/upper-case/-/upper-case-2.0.2.tgz#d89810823faab1df1549b7d97a76f8662bae6f7a"
  integrity sha512-KgdgDGJt2TpuwBUIjgG6lzw2GWFRCW9Qkfkiv0DxqHHLYJHmtmdUIKcZd8rHgFSjopVTlw6ggzCm1b8MFQwikg==
  dependencies:
    tslib "^2.0.3"
